
Microsoft Visual Studio Solution File, Format Version 12.00
# Visual Studio Version 17
VisualStudioVersion = 17.6.33829.357
MinimumVisualStudioVersion = 10.0.40219.1
Project("{FAE04EC0-301F-11D3-BF4B-00C04F79EFBC}") = "API-Produtos", "API-Produtos\API-Produtos.csproj", "{D7BA83A2-41D0-4CC1-BA62-ED860797DE07}"
EndProject
Global
	GlobalSection(SolutionConfigurationPlatforms) = preSolution
		Debug|Any CPU = Debug|Any CPU
		Release|Any CPU = Release|Any CPU
	EndGlobalSection
	GlobalSection(ProjectConfigurationPlatforms) = postSolution
		{D7BA83A2-41D0-4CC1-BA62-ED860797DE07}.Debug|Any CPU.ActiveCfg = Debug|Any CPU
		{D7BA83A2-41D0-4CC1-BA62-ED860797DE07}.Debug|Any CPU.Build.0 = Debug|Any CPU
		{D7BA83A2-41D0-4CC1-BA62-ED860797DE07}.Release|Any CPU.ActiveCfg = Release|Any CPU
		{D7BA83A2-41D0-4CC1-BA62-ED860797DE07}.Release|Any CPU.Build.0 = Release|Any CPU
	EndGlobalSection
	GlobalSection(SolutionProperties) = preSolution
		HideSolutionNode = FALSE
	EndGlobalSection
	GlobalSection(ExtensibilityGlobals) = postSolution
		SolutionGuid = {EBF350DC-5902-421E-9A8F-A6BAD49FCE67}
	EndGlobalSection
EndGlobal
